github.com/fxamacker/cbor/v2 v2.4.0 h1:ri0ArlOR+5XunOP8CRUowT0pSJOwhW098ZCUyskZD88=
github.com/fxamacker/cbor/v2 v2.4.0/go.mod h1:TA1xS00nchWmaBnEIxPSE5oHLuJBAVvqrtAnWBwBCVo=
github.com/x448/float16 v0.8.4 h1:qLwI1I70+NjRFUR3zs1JPUCgaCXSh3SW62uAKT1mSBM=
github.com/x448/float16 v0.8.4/go.mod h1:14CWIYCyZA/cWjXOioeEpHeN/83MdbZDRQHoFcYsOfg=
golang.org/x/sys v0.0.0-20220926163933-8cfa568d3c25 h1:nwzwVf0l2Y/lkov/+IYgMMbFyI+QypZDds9RxlSmsFQ=
golang.org/x/sys v0.0.0-20220926163933-8cfa568d3c25/go.mod h1:oPkhp1MJrh7nUepCBck5+mAzfO9JrbApNNgaTdGDITg=
